
Microsoft Visual Studio Solution File, Format Version 12.00
# Visual Studio 15
VisualStudioVersion = 15.0.28010.2041
MinimumVisualStudioVersion = 10.0.40219.1
Project("{FAE04EC0-301F-11D3-BF4B-00C04F79EFBC}") = "Product_list", "Product_list\Product_list.csproj", "{68626C53-EC64-49B2-A425-CE0BC65664EC}"
EndProject
Global
	GlobalSection(SolutionConfigurationPlatforms) = preSolution
		Debug|Any CPU = Debug|Any CPU
		Release|Any CPU = Release|Any CPU
	EndGlobalSection
	GlobalSection(ProjectConfigurationPlatforms) = postSolution
		{68626C53-EC64-49B2-A425-CE0BC65664EC}.Debug|Any CPU.ActiveCfg = Debug|Any CPU
		{68626C53-EC64-49B2-A425-CE0BC65664EC}.Debug|Any CPU.Build.0 = Debug|Any CPU
		{68626C53-EC64-49B2-A425-CE0BC65664EC}.Release|Any CPU.ActiveCfg = Release|Any CPU
		{68626C53-EC64-49B2-A425-CE0BC65664EC}.Release|Any CPU.Build.0 = Release|Any CPU
	EndGlobalSection
	GlobalSection(SolutionProperties) = preSolution
		HideSolutionNode = FALSE
	EndGlobalSection
	GlobalSection(ExtensibilityGlobals) = postSolution
		SolutionGuid = {32AD75E0-39FF-402A-9274-ABA2264F8137}
	EndGlobalSection
EndGlobal
